
Microsoft Visual Studio Solution File, Format Version 12.00
# Visual Studio Version 17
VisualStudioVersion = 17.0.31903.59
MinimumVisualStudioVersion = 10.0.40219.1
Project("{FAE04EC0-301F-11D3-BF4B-00C04F79EFBC}") = "ECSchemaLanguageServer", "ECSchemaLanguageServer\ECSchemaLanguageServer.csproj", "{8D9457A2-996D-4F5E-BBF9-B8A0D377D10D}"
EndProject
Project("{FAE04EC0-301F-11D3-BF4B-00C04F79EFBC}") = "ECSchemaLanguageServer.Tests", "ECSchemaLanguageServer.Tests\ECSchemaLanguageServer.Tests.csproj", "{9E396A77-B98C-43FE-BFBB-88D8DAE252C6}"
EndProject
Global
	GlobalSection(SolutionConfigurationPlatforms) = preSolution
		Debug|Any CPU = Debug|Any CPU
		Release|Any CPU = Release|Any CPU
	EndGlobalSection
	GlobalSection(SolutionProperties) = preSolution
		HideSolutionNode = FALSE
	EndGlobalSection
	GlobalSection(ProjectConfigurationPlatforms) = postSolution
		{8D9457A2-996D-4F5E-BBF9-B8A0D377D10D}.Debug|Any CPU.ActiveCfg = Debug|Any CPU
		{8D9457A2-996D-4F5E-BBF9-B8A0D377D10D}.Debug|Any CPU.Build.0 = Debug|Any CPU
		{8D9457A2-996D-4F5E-BBF9-B8A0D377D10D}.Release|Any CPU.ActiveCfg = Release|Any CPU
		{8D9457A2-996D-4F5E-BBF9-B8A0D377D10D}.Release|Any CPU.Build.0 = Release|Any CPU
		{9E396A77-B98C-43FE-BFBB-88D8DAE252C6}.Debug|Any CPU.ActiveCfg = Debug|Any CPU
		{9E396A77-B98C-43FE-BFBB-88D8DAE252C6}.Debug|Any CPU.Build.0 = Debug|Any CPU
		{9E396A77-B98C-43FE-BFBB-88D8DAE252C6}.Release|Any CPU.ActiveCfg = Release|Any CPU
		{9E396A77-B98C-43FE-BFBB-88D8DAE252C6}.Release|Any CPU.Build.0 = Release|Any CPU
	EndGlobalSection
EndGlobal
